
Microsoft Visual Studio Solution File, Format Version 12.00
# Visual Studio Version 17
VisualStudioVersion = 17.5.002.0
MinimumVisualStudioVersion = 10.0.40219.1
Project("{9A19103F-16F7-4668-BE54-9A1E7A4F7556}") = "csiro_mvc", "csiro_mvc.csproj", "{2884A08C-5EFE-4B9A-B511-27AA33205172}"
EndProject
Global
	GlobalSection(SolutionConfigurationPlatforms) = preSolution
		Debug|Any CPU = Debug|Any CPU
		Release|Any CPU = Release|Any CPU
	EndGlobalSection
	GlobalSection(ProjectConfigurationPlatforms) = postSolution
		{2884A08C-5EFE-4B9A-B511-27AA33205172}.Debug|Any CPU.ActiveCfg = Debug|Any CPU
		{2884A08C-5EFE-4B9A-B511-27AA33205172}.Debug|Any CPU.Build.0 = Debug|Any CPU
		{2884A08C-5EFE-4B9A-B511-27AA33205172}.Release|Any CPU.ActiveCfg = Release|Any CPU
		{2884A08C-5EFE-4B9A-B511-27AA33205172}.Release|Any CPU.Build.0 = Release|Any CPU
	EndGlobalSection
	GlobalSection(SolutionProperties) = preSolution
		HideSolutionNode = FALSE
	EndGlobalSection
	GlobalSection(ExtensibilityGlobals) = postSolution
		SolutionGuid = {399E0058-B172-4978-9454-D066B3ED78A0}
	EndGlobalSection
EndGlobal
